
Microsoft Visual Studio Solution File, Format Version 12.00
# Visual Studio 15
VisualStudioVersion = 15.0.27703.2018
MinimumVisualStudioVersion = 10.0.40219.1
Project("{8BC9CEB8-8B4A-11D0-8D11-00A0C91BC942}") = "HTTPDownloader", "HTTPDownloader\HTTPDownloader.vcxproj", "{70D08E1A-A845-4086-9E40-969888330A94}"
EndProject
Global
	GlobalSection(SolutionConfigurationPlatforms) = preSolution
		Debug|x64 = Debug|x64
		Debug|x86 = Debug|x86
		Release|x64 = Release|x64
		Release|x86 = Release|x86
	EndGlobalSection
	GlobalSection(ProjectConfigurationPlatforms) = postSolution
		{70D08E1A-A845-4086-9E40-969888330A94}.Debug|x64.ActiveCfg = Debug|x64
		{70D08E1A-A845-4086-9E40-969888330A94}.Debug|x64.Build.0 = Debug|x64
		{70D08E1A-A845-4086-9E40-969888330A94}.Debug|x86.ActiveCfg = Debug|Win32
		{70D08E1A-A845-4086-9E40-969888330A94}.Debug|x86.Build.0 = Debug|Win32
		{70D08E1A-A845-4086-9E40-969888330A94}.Release|x64.ActiveCfg = Release|x64
		{70D08E1A-A845-4086-9E40-969888330A94}.Release|x64.Build.0 = Release|x64
		{70D08E1A-A845-4086-9E40-969888330A94}.Release|x86.ActiveCfg = Release|Win32
		{70D08E1A-A845-4086-9E40-969888330A94}.Release|x86.Build.0 = Release|Win32
	EndGlobalSection
	GlobalSection(SolutionProperties) = preSolution
		HideSolutionNode = FALSE
	EndGlobalSection
	GlobalSection(ExtensibilityGlobals) = postSolution
		SolutionGuid = {AFA29E08-0C64-43E2-91B1-00ACF42BC939}
	EndGlobalSection
EndGlobal
